
Microsoft Visual Studio Solution File, Format Version 12.00
# Visual Studio Version 16
VisualStudioVersion = 16.0.31321.278
MinimumVisualStudioVersion = 10.0.40219.1
Project("{FAE04EC0-301F-11D3-BF4B-00C04F79EFBC}") = "big_pack", "big_pack\big_pack.csproj", "{3B0BD27D-2498-4BCC-8B56-D52B3F2D9A98}"
EndProject
Global
	GlobalSection(SolutionConfigurationPlatforms) = preSolution
		Debug|Any CPU = Debug|Any CPU
		Release|Any CPU = Release|Any CPU
	EndGlobalSection
	GlobalSection(ProjectConfigurationPlatforms) = postSolution
		{3B0BD27D-2498-4BCC-8B56-D52B3F2D9A98}.Debug|Any CPU.ActiveCfg = Debug|Any CPU
		{3B0BD27D-2498-4BCC-8B56-D52B3F2D9A98}.Debug|Any CPU.Build.0 = Debug|Any CPU
		{3B0BD27D-2498-4BCC-8B56-D52B3F2D9A98}.Release|Any CPU.ActiveCfg = Release|Any CPU
		{3B0BD27D-2498-4BCC-8B56-D52B3F2D9A98}.Release|Any CPU.Build.0 = Release|Any CPU
	EndGlobalSection
	GlobalSection(SolutionProperties) = preSolution
		HideSolutionNode = FALSE
	EndGlobalSection
	GlobalSection(ExtensibilityGlobals) = postSolution
		SolutionGuid = {BE1B0DB4-FB59-4781-8A6F-F5AFBD66F63A}
	EndGlobalSection
EndGlobal
